
Microsoft Visual Studio Solution File, Format Version 12.00
# Visual Studio Version 17
VisualStudioVersion = 17.6.33801.468
MinimumVisualStudioVersion = 10.0.40219.1
Project("{FAE04EC0-301F-11D3-BF4B-00C04F79EFBC}") = "movieRentalApp", "movieRentalApp\movieRentalApp.csproj", "{697095BE-C617-42B0-BD41-DD38E2799D4F}"
EndProject
Global
	GlobalSection(SolutionConfigurationPlatforms) = preSolution
		Debug|Any CPU = Debug|Any CPU
		Release|Any CPU = Release|Any CPU
	EndGlobalSection
	GlobalSection(ProjectConfigurationPlatforms) = postSolution
		{697095BE-C617-42B0-BD41-DD38E2799D4F}.Debug|Any CPU.ActiveCfg = Debug|Any CPU
		{697095BE-C617-42B0-BD41-DD38E2799D4F}.Debug|Any CPU.Build.0 = Debug|Any CPU
		{697095BE-C617-42B0-BD41-DD38E2799D4F}.Release|Any CPU.ActiveCfg = Release|Any CPU
		{697095BE-C617-42B0-BD41-DD38E2799D4F}.Release|Any CPU.Build.0 = Release|Any CPU
	EndGlobalSection
	GlobalSection(SolutionProperties) = preSolution
		HideSolutionNode = FALSE
	EndGlobalSection
	GlobalSection(ExtensibilityGlobals) = postSolution
		SolutionGuid = {E0ACA139-62AD-47F3-B774-618173799C06}
	EndGlobalSection
EndGlobal
